{
  "projects": [
    {
      "projectId": "seaQhLVS4bbjiGvJJrRwyL",
      "version": "15.0.3",
      "dependencies": {},
      "lang": "js",
      "fileLocks": [
        {
          "assetId": "seaQhLVS4bbjiGvJJrRwyL",
          "type": "projectCss",
          "checksum": "9345b883752a1b7fa88c203f6bc63740"
        }
      ],
      "codegenVersion": "0.0.1"
    },
    {
      "projectId": "mBpzP4P3ZvRoHxGTxyta7C",
      "version": "latest",
      "dependencies": {
        "seaQhLVS4bbjiGvJJrRwyL": "15.0.3"
      },
      "lang": "js",
      "fileLocks": [
        {
          "type": "globalVariant",
          "assetId": "6yuB1mJiZ-_BhZ",
          "checksum": "3e95c95c4b90018e6afcca54ddb03e1d"
        },
        {
          "assetId": "mBpzP4P3ZvRoHxGTxyta7C",
          "type": "projectCss",
          "checksum": "cf213226810b24bd683c4cfb14e6a6bb"
        },
        {
          "type": "renderModule",
          "assetId": "1ysSNh8LShQ5h",
          "checksum": "d82de9c563cf1ae2f5ba16683090ed75"
        },
        {
          "type": "cssRules",
          "assetId": "1ysSNh8LShQ5h",
          "checksum": "d82de9c563cf1ae2f5ba16683090ed75"
        },
        {
          "type": "renderModule",
          "assetId": "Y9YgmhqujBDBO",
          "checksum": "98640259c076034e14e60180607e9eed"
        },
        {
          "type": "cssRules",
          "assetId": "Y9YgmhqujBDBO",
          "checksum": "98640259c076034e14e60180607e9eed"
        },
        {
          "type": "renderModule",
          "assetId": "5klFhx4q8O8He",
          "checksum": "03093aae1a1620cedf27f13b0843e446"
        },
        {
          "type": "cssRules",
          "assetId": "5klFhx4q8O8He",
          "checksum": "03093aae1a1620cedf27f13b0843e446"
        },
        {
          "type": "renderModule",
          "assetId": "sDxXBg50pC57I",
          "checksum": "20a624e03b7419ba6e7872aeb24da098"
        },
        {
          "type": "cssRules",
          "assetId": "sDxXBg50pC57I",
          "checksum": "20a624e03b7419ba6e7872aeb24da098"
        },
        {
          "type": "renderModule",
          "assetId": "fz2mGpzsRsTSR",
          "checksum": "1436d46a1c177ebae8fa3dfab1894536"
        },
        {
          "type": "cssRules",
          "assetId": "fz2mGpzsRsTSR",
          "checksum": "1436d46a1c177ebae8fa3dfab1894536"
        },
        {
          "type": "renderModule",
          "assetId": "QaCjYjD8i4Qe_",
          "checksum": "0c0e9b8d83e0862fc22ff21657036797"
        },
        {
          "type": "cssRules",
          "assetId": "QaCjYjD8i4Qe_",
          "checksum": "0c0e9b8d83e0862fc22ff21657036797"
        },
        {
          "type": "renderModule",
          "assetId": "Nhx-A7ZnNobXcq",
          "checksum": "d65435b6a026dfb3fad88da4ae0405a4"
        },
        {
          "type": "cssRules",
          "assetId": "Nhx-A7ZnNobXcq",
          "checksum": "d65435b6a026dfb3fad88da4ae0405a4"
        },
        {
          "type": "renderModule",
          "assetId": "qK6IECdV0IloVh",
          "checksum": "f4b8f60c42d9ee4bce91fb79f6fc017e"
        },
        {
          "type": "cssRules",
          "assetId": "qK6IECdV0IloVh",
          "checksum": "f4b8f60c42d9ee4bce91fb79f6fc017e"
        },
        {
          "type": "renderModule",
          "assetId": "wG3pqxw47RkMrd",
          "checksum": "5a320e629eb306ef4464b62681b48387"
        },
        {
          "type": "cssRules",
          "assetId": "wG3pqxw47RkMrd",
          "checksum": "5a320e629eb306ef4464b62681b48387"
        },
        {
          "type": "renderModule",
          "assetId": "FN8Rw6f3XUITve",
          "checksum": "e91ef20836d635bf629bbca0c92fa267"
        },
        {
          "type": "cssRules",
          "assetId": "FN8Rw6f3XUITve",
          "checksum": "e91ef20836d635bf629bbca0c92fa267"
        },
        {
          "type": "renderModule",
          "assetId": "GGYGSnzprJK2z3",
          "checksum": "8a56f017b11b98abcdddb721d280836e"
        },
        {
          "type": "cssRules",
          "assetId": "GGYGSnzprJK2z3",
          "checksum": "8a56f017b11b98abcdddb721d280836e"
        },
        {
          "type": "renderModule",
          "assetId": "Kw_vJSL_wUTLah",
          "checksum": "9cf5326d84fad4f9fdb50dd4018fbb25"
        },
        {
          "type": "cssRules",
          "assetId": "Kw_vJSL_wUTLah",
          "checksum": "9cf5326d84fad4f9fdb50dd4018fbb25"
        },
        {
          "type": "renderModule",
          "assetId": "Uhbyt3wOu41kKj",
          "checksum": "9005719573ca0035eab5af0b87aaeffb"
        },
        {
          "type": "cssRules",
          "assetId": "Uhbyt3wOu41kKj",
          "checksum": "9005719573ca0035eab5af0b87aaeffb"
        },
        {
          "type": "renderModule",
          "assetId": "nVvzpFLGzDuwku",
          "checksum": "c183a48b5fdd645087bce0dcc15d5427"
        },
        {
          "type": "cssRules",
          "assetId": "nVvzpFLGzDuwku",
          "checksum": "c183a48b5fdd645087bce0dcc15d5427"
        },
        {
          "type": "renderModule",
          "assetId": "sr0EgB36k5biAE",
          "checksum": "14eb2b39e099187889a9efe8f2124055"
        },
        {
          "type": "cssRules",
          "assetId": "sr0EgB36k5biAE",
          "checksum": "14eb2b39e099187889a9efe8f2124055"
        },
        {
          "type": "renderModule",
          "assetId": "tC7QD3lhMJVVC6",
          "checksum": "52d0eeae58a30b342954a40b55e7176f"
        },
        {
          "type": "cssRules",
          "assetId": "tC7QD3lhMJVVC6",
          "checksum": "52d0eeae58a30b342954a40b55e7176f"
        },
        {
          "type": "renderModule",
          "assetId": "KimUJiQAEnND26",
          "checksum": "d624fbe69adfffa51040a15405e8f935"
        },
        {
          "type": "cssRules",
          "assetId": "KimUJiQAEnND26",
          "checksum": "d624fbe69adfffa51040a15405e8f935"
        },
        {
          "type": "icon",
          "assetId": "1irWMghmlMlmXO",
          "checksum": "ab8cd50ae2157f6ed2320aacd4a55c89"
        },
        {
          "type": "icon",
          "assetId": "QoYT1xPW4XVDma",
          "checksum": "244f4bb506c05c543a0a01ab01aa4b7b"
        },
        {
          "type": "icon",
          "assetId": "AaQvnmM5Gub0jO",
          "checksum": "fcb427e3410ff24b9b7087ad22560ba9"
        },
        {
          "type": "icon",
          "assetId": "81R-GoWh1u_Goz",
          "checksum": "2d45d1c83436913db66e757aa8ddd62a"
        },
        {
          "type": "icon",
          "assetId": "IP90ZRuGAvKHtI",
          "checksum": "104d5e2bb765597c6a5f3011c4443bd1"
        },
        {
          "type": "icon",
          "assetId": "SZQxNidVz6UNTE",
          "checksum": "e19fdf5708b1450aef4e2df083bb2203"
        },
        {
          "type": "icon",
          "assetId": "NlxVSVUkn6KxvX",
          "checksum": "bc6a83e8b0f135411cf1791e80e6f704"
        },
        {
          "type": "icon",
          "assetId": "oA0KNKxwgeXdfh",
          "checksum": "b6ba0fb3f17fcfab915daf345b55d2f1"
        },
        {
          "type": "icon",
          "assetId": "EoTqYYH2ve4zgj",
          "checksum": "d6c822d91aa266a2f208be7c7fad63ba"
        },
        {
          "type": "icon",
          "assetId": "9ZyjI6LAtKIUQw",
          "checksum": "ae72d434daaf44377fdc8c28c6fce3fb"
        },
        {
          "type": "icon",
          "assetId": "NZ3Swk5sL_4PjG",
          "checksum": "4a31301df4a71e197a23af3dafa02ea7"
        },
        {
          "type": "icon",
          "assetId": "bfzcLwal2b3EcR",
          "checksum": "f1bc8c6e3ff34c6d1cbf887e4ecb2425"
        },
        {
          "type": "icon",
          "assetId": "-EEFy-6HTJTDFX",
          "checksum": "ded58660c38b422aac0e2db4708c0168"
        },
        {
          "type": "icon",
          "assetId": "aVYlxH9F8STXuq",
          "checksum": "98b907d93c59d426cf2c5b3aac8d0a68"
        },
        {
          "type": "icon",
          "assetId": "d7YyuhzkWXlQwH",
          "checksum": "01371f21ad2e08a5028275689269b485"
        },
        {
          "type": "icon",
          "assetId": "ePUZirzeg4vRIW",
          "checksum": "1ae206414786b1c30fa04cbf50a2b49b"
        },
        {
          "type": "icon",
          "assetId": "Uq79R1BZuaQJBb",
          "checksum": "451ab929b48bf235ebdb86b171c830a6"
        },
        {
          "type": "icon",
          "assetId": "Dxht1QWesi1oXt",
          "checksum": "d25c1fae352d42230edad7bd8798178d"
        },
        {
          "type": "icon",
          "assetId": "tvh5hogwO00yNv",
          "checksum": "b148c6a7f2b4f089342214b56abebd51"
        },
        {
          "type": "icon",
          "assetId": "0Ba6EmjZlLRW9A",
          "checksum": "a003d65b9cd3c0f834ad49b9e479f8d5"
        },
        {
          "type": "icon",
          "assetId": "S4e2i6oZGdxHc7",
          "checksum": "d7824db7f0dcf91262e774cf7cab50a0"
        },
        {
          "type": "icon",
          "assetId": "kiMQmbRrNSOgLL",
          "checksum": "4e62a2c5e8a4124ba1349b023017e89c"
        },
        {
          "type": "image",
          "assetId": "kQ2WLNrgMBVWdV",
          "checksum": "d6b0ee58785c9f7c4aade5263021e7a6"
        },
        {
          "type": "image",
          "assetId": "ZlvpA1adkrsB-F",
          "checksum": "33185d0e5501c734cb04d353073aec80"
        },
        {
          "type": "image",
          "assetId": "8CoNWrHHF1F6S1",
          "checksum": "98869b8b32c90567702fccb45e0336fe"
        },
        {
          "type": "image",
          "assetId": "oDGFu2aJM7_PIP",
          "checksum": "4ad1a4cbcc48851894f57d0475364e74"
        }
      ],
      "codegenVersion": "0.0.1"
    }
  ],
  "cliVersion": "0.1.173"
}
